
Microsoft Visual Studio Solution File, Format Version 12.00
# Visual Studio Version 17
VisualStudioVersion = 17.5.002.0
MinimumVisualStudioVersion = 10.0.40219.1
Project("{2150E333-8FDC-42A3-9474-1A3956D46DE8}") = "docker-outside-of-vscode-devcontainer", "docker-outside-of-vscode-devcontainer", "{448777B5-9A6C-4A0E-AACB-F5D161CA1C4C}"
EndProject
Project("{9A19103F-16F7-4668-BE54-9A1E7A4F7556}") = "src", "docker-outside-of-vscode-devcontainer\src\src.csproj", "{4ECD79F1-E786-40BA-A4E7-9736D2675B7B}"
EndProject
Global
	GlobalSection(SolutionConfigurationPlatforms) = preSolution
		Debug|Any CPU = Debug|Any CPU
		Release|Any CPU = Release|Any CPU
	EndGlobalSection
	GlobalSection(ProjectConfigurationPlatforms) = postSolution
		{4ECD79F1-E786-40BA-A4E7-9736D2675B7B}.Debug|Any CPU.ActiveCfg = Debug|Any CPU
		{4ECD79F1-E786-40BA-A4E7-9736D2675B7B}.Debug|Any CPU.Build.0 = Debug|Any CPU
		{4ECD79F1-E786-40BA-A4E7-9736D2675B7B}.Release|Any CPU.ActiveCfg = Release|Any CPU
		{4ECD79F1-E786-40BA-A4E7-9736D2675B7B}.Release|Any CPU.Build.0 = Release|Any CPU
	EndGlobalSection
	GlobalSection(SolutionProperties) = preSolution
		HideSolutionNode = FALSE
	EndGlobalSection
	GlobalSection(NestedProjects) = preSolution
		{4ECD79F1-E786-40BA-A4E7-9736D2675B7B} = {448777B5-9A6C-4A0E-AACB-F5D161CA1C4C}
	EndGlobalSection
	GlobalSection(ExtensibilityGlobals) = postSolution
		SolutionGuid = {80787059-27AE-46E4-AF70-A48E66C108A7}
	EndGlobalSection
EndGlobal
